// !$*UTF8*$!
{
	archiveVersion = 1;
	classes = {
	};
	objectVersion = 55;
	objects = {

/* Begin PBXBuildFile section */
		341B021B280DAEBA00DCDCF0 /* DailyWeatherTableViewCell.swift in Sources */ = {isa = PBXBuildFile; fileRef = 341B0219280DAEBA00DCDCF0 /* DailyWeatherTableViewCell.swift */; };
		341B021C280DAEBA00DCDCF0 /* DailyWeatherTableViewCell.xib in Resources */ = {isa = PBXBuildFile; fileRef = 341B021A280DAEBA00DCDCF0 /* DailyWeatherTableViewCell.xib */; };
		341B021F280EC40D00DCDCF0 /* CityData.swift in Sources */ = {isa = PBXBuildFile; fileRef = 341B021E280EC40D00DCDCF0 /* CityData.swift */; };
		341B022128103A4100DCDCF0 /* SearchViewController.swift in Sources */ = {isa = PBXBuildFile; fileRef = 341B022028103A4100DCDCF0 /* SearchViewController.swift */; };
		341B022328103A8200DCDCF0 /* MapViewController.swift in Sources */ = {isa = PBXBuildFile; fileRef = 341B022228103A8200DCDCF0 /* MapViewController.swift */; };
		341F093F2812DE5C003C6B46 /* SuggestionTableViewCell.swift in Sources */ = {isa = PBXBuildFile; fileRef = 341F093D2812DE5C003C6B46 /* SuggestionTableViewCell.swift */; };
		341F09402812DE5C003C6B46 /* SuggestionTableViewCell.xib in Resources */ = {isa = PBXBuildFile; fileRef = 341F093E2812DE5C003C6B46 /* SuggestionTableViewCell.xib */; };
		341F09432812EBEA003C6B46 /* SearchService.swift in Sources */ = {isa = PBXBuildFile; fileRef = 341F09422812EBEA003C6B46 /* SearchService.swift */; };
		341F09472812EF68003C6B46 /* SearchData.swift in Sources */ = {isa = PBXBuildFile; fileRef = 341F09462812EF68003C6B46 /* SearchData.swift */; };
		343C4157280970F9001812B9 /* AppDelegate.swift in Sources */ = {isa = PBXBuildFile; fileRef = 343C4156280970F9001812B9 /* AppDelegate.swift */; };
		343C4159280970F9001812B9 /* SceneDelegate.swift in Sources */ = {isa = PBXBuildFile; fileRef = 343C4158280970F9001812B9 /* SceneDelegate.swift */; };
		343C415B280970F9001812B9 /* ForecastViewController.swift in Sources */ = {isa = PBXBuildFile; fileRef = 343C415A280970F9001812B9 /* ForecastViewController.swift */; };
		343C415E280970F9001812B9 /* Main.storyboard in Resources */ = {isa = PBXBuildFile; fileRef = 343C415C280970F9001812B9 /* Main.storyboard */; };
		343C4160280970FB001812B9 /* Assets.xcassets in Resources */ = {isa = PBXBuildFile; fileRef = 343C415F280970FB001812B9 /* Assets.xcassets */; };
		343C4163280970FB001812B9 /* LaunchScreen.storyboard in Resources */ = {isa = PBXBuildFile; fileRef = 343C4161280970FB001812B9 /* LaunchScreen.storyboard */; };
		343C417128097150001812B9 /* WebService.swift in Sources */ = {isa = PBXBuildFile; fileRef = 343C417028097150001812B9 /* WebService.swift */; };
		343C417328097F63001812B9 /* WeatherData.swift in Sources */ = {isa = PBXBuildFile; fileRef = 343C417228097F63001812B9 /* WeatherData.swift */; };
		343C4175280D6617001812B9 /* WeatherModel.swift in Sources */ = {isa = PBXBuildFile; fileRef = 343C4174280D6617001812B9 /* WeatherModel.swift */; };
		343C4178280D7F84001812B9 /* HourlyWeatherCollectionViewCell.swift in Sources */ = {isa = PBXBuildFile; fileRef = 343C4176280D7F84001812B9 /* HourlyWeatherCollectionViewCell.swift */; };
		343C4179280D7F84001812B9 /* HourlyWeatherCollectionViewCell.xib in Resources */ = {isa = PBXBuildFile; fileRef = 343C4177280D7F84001812B9 /* HourlyWeatherCollectionViewCell.xib */; };
/* End PBXBuildFile section */

/* Begin PBXFileReference section */
		341B0219280DAEBA00DCDCF0 /* DailyWeatherTableViewCell.swift */ = {isa = PBXFileReference; lastKnownFileType = sourcecode.swift; path = DailyWeatherTableViewCell.swift; sourceTree = "<group>"; };
		341B021A280DAEBA00DCDCF0 /* DailyWeatherTableViewCell.xib */ = {isa = PBXFileReference; lastKnownFileType = file.xib; path = DailyWeatherTableViewCell.xib; sourceTree = "<group>"; };
		341B021E280EC40D00DCDCF0 /* CityData.swift */ = {isa = PBXFileReference; lastKnownFileType = sourcecode.swift; path = CityData.swift; sourceTree = "<group>"; };
		341B022028103A4100DCDCF0 /* SearchViewController.swift */ = {isa = PBXFileReference; lastKnownFileType = sourcecode.swift; path = SearchViewController.swift; sourceTree = "<group>"; };
		341B022228103A8200DCDCF0 /* MapViewController.swift */ = {isa = PBXFileReference; lastKnownFileType = sourcecode.swift; path = MapViewController.swift; sourceTree = "<group>"; };
		341F093D2812DE5C003C6B46 /* SuggestionTableViewCell.swift */ = {isa = PBXFileReference; lastKnownFileType = sourcecode.swift; path = SuggestionTableViewCell.swift; sourceTree = "<group>"; };
		341F093E2812DE5C003C6B46 /* SuggestionTableViewCell.xib */ = {isa = PBXFileReference; lastKnownFileType = file.xib; path = SuggestionTableViewCell.xib; sourceTree = "<group>"; };
		341F09422812EBEA003C6B46 /* SearchService.swift */ = {isa = PBXFileReference; lastKnownFileType = sourcecode.swift; path = SearchService.swift; sourceTree = "<group>"; };
		341F09462812EF68003C6B46 /* SearchData.swift */ = {isa = PBXFileReference; lastKnownFileType = sourcecode.swift; path = SearchData.swift; sourceTree = "<group>"; };
		343C4153280970F9001812B9 /* Weather Test Task.app */ = {isa = PBXFileReference; explicitFileType = wrapper.application; includeInIndex = 0; path = "Weather Test Task.app"; sourceTree = BUILT_PRODUCTS_DIR; };
		343C4156280970F9001812B9 /* AppDelegate.swift */ = {isa = PBXFileReference; lastKnownFileType = sourcecode.swift; path = AppDelegate.swift; sourceTree = "<group>"; };
		343C4158280970F9001812B9 /* SceneDelegate.swift */ = {isa = PBXFileReference; lastKnownFileType = sourcecode.swift; path = SceneDelegate.swift; sourceTree = "<group>"; };
		343C415A280970F9001812B9 /* ForecastViewController.swift */ = {isa = PBXFileReference; lastKnownFileType = sourcecode.swift; path = ForecastViewController.swift; sourceTree = "<group>"; };
		343C415D280970F9001812B9 /* Base */ = {isa = PBXFileReference; lastKnownFileType = file.storyboard; name = Base; path = Base.lproj/Main.storyboard; sourceTree = "<group>"; };
		343C415F280970FB001812B9 /* Assets.xcassets */ = {isa = PBXFileReference; lastKnownFileType = folder.assetcatalog; path = Assets.xcassets; sourceTree = "<group>"; };
		343C4162280970FB001812B9 /* Base */ = {isa = PBXFileReference; lastKnownFileType = file.storyboard; name = Base; path = Base.lproj/LaunchScreen.storyboard; sourceTree = "<group>"; };
		343C4164280970FB001812B9 /* Info.plist */ = {isa = PBXFileReference; lastKnownFileType = text.plist.xml; path = Info.plist; sourceTree = "<group>"; };
		343C417028097150001812B9 /* WebService.swift */ = {isa = PBXFileReference; lastKnownFileType = sourcecode.swift; path = WebService.swift; sourceTree = "<group>"; };
		343C417228097F63001812B9 /* WeatherData.swift */ = {isa = PBXFileReference; lastKnownFileType = sourcecode.swift; path = WeatherData.swift; sourceTree = "<group>"; };
		343C4174280D6617001812B9 /* WeatherModel.swift */ = {isa = PBXFileReference; lastKnownFileType = sourcecode.swift; path = WeatherModel.swift; sourceTree = "<group>"; };
		343C4176280D7F84001812B9 /* HourlyWeatherCollectionViewCell.swift */ = {isa = PBXFileReference; lastKnownFileType = sourcecode.swift; path = HourlyWeatherCollectionViewCell.swift; sourceTree = "<group>"; };
		343C4177280D7F84001812B9 /* HourlyWeatherCollectionViewCell.xib */ = {isa = PBXFileReference; lastKnownFileType = file.xib; path = HourlyWeatherCollectionViewCell.xib; sourceTree = "<group>"; };
/* End PBXFileReference section */

/* Begin PBXFrameworksBuildPhase section */
		343C4150280970F9001812B9 /* Frameworks */ = {
			isa = PBXFrameworksBuildPhase;
			buildActionMask = 2147483647;
			files = (
			);
			runOnlyForDeploymentPostprocessing = 0;
		};
/* End PBXFrameworksBuildPhase section */

/* Begin PBXGroup section */
		341B021D280DAF1500DCDCF0 /* DailyWeatherTableViewCell */ = {
			isa = PBXGroup;
			children = (
				341B0219280DAEBA00DCDCF0 /* DailyWeatherTableViewCell.swift */,
				341B021A280DAEBA00DCDCF0 /* DailyWeatherTableViewCell.xib */,
			);
			path = DailyWeatherTableViewCell;
			sourceTree = "<group>";
		};
		341F09412812DE72003C6B46 /* SuggestionTableViewCell */ = {
			isa = PBXGroup;
			children = (
				341F093D2812DE5C003C6B46 /* SuggestionTableViewCell.swift */,
				341F093E2812DE5C003C6B46 /* SuggestionTableViewCell.xib */,
			);
			path = SuggestionTableViewCell;
			sourceTree = "<group>";
		};
		343C414A280970F9001812B9 = {
			isa = PBXGroup;
			children = (
				343C4155280970F9001812B9 /* Weather Test Task */,
				343C4154280970F9001812B9 /* Products */,
			);
			sourceTree = "<group>";
		};
		343C4154280970F9001812B9 /* Products */ = {
			isa = PBXGroup;
			children = (
				343C4153280970F9001812B9 /* Weather Test Task.app */,
			);
			name = Products;
			sourceTree = "<group>";
		};
		343C4155280970F9001812B9 /* Weather Test Task */ = {
			isa = PBXGroup;
			children = (
				343C416A28097103001812B9 /* Model */,
				343C416E28097124001812B9 /* Controller */,
				343C416D28097119001812B9 /* View */,
				343C4156280970F9001812B9 /* AppDelegate.swift */,
				343C4158280970F9001812B9 /* SceneDelegate.swift */,
				343C415F280970FB001812B9 /* Assets.xcassets */,
				343C4164280970FB001812B9 /* Info.plist */,
			);
			path = "Weather Test Task";
			sourceTree = "<group>";
		};
		343C416A28097103001812B9 /* Model */ = {
			isa = PBXGroup;
			children = (
				343C417228097F63001812B9 /* WeatherData.swift */,
				341B021E280EC40D00DCDCF0 /* CityData.swift */,
				341F09462812EF68003C6B46 /* SearchData.swift */,
				343C4174280D6617001812B9 /* WeatherModel.swift */,
				343C416F28097140001812B9 /* Services */,
			);
			path = Model;
			sourceTree = "<group>";
		};
		343C416D28097119001812B9 /* View */ = {
			isa = PBXGroup;
			children = (
				341B021D280DAF1500DCDCF0 /* DailyWeatherTableViewCell */,
				343C417A280D82F9001812B9 /* HourlyWeatherCollectionViewCell */,
				341F09412812DE72003C6B46 /* SuggestionTableViewCell */,
				343C415C280970F9001812B9 /* Main.storyboard */,
				343C4161280970FB001812B9 /* LaunchScreen.storyboard */,
			);
			path = View;
			sourceTree = "<group>";
		};
		343C416E28097124001812B9 /* Controller */ = {
			isa = PBXGroup;
			children = (
				343C415A280970F9001812B9 /* ForecastViewController.swift */,
				341B022028103A4100DCDCF0 /* SearchViewController.swift */,
				341B022228103A8200DCDCF0 /* MapViewController.swift */,
			);
			path = Controller;
			sourceTree = "<group>";
		};
		343C416F28097140001812B9 /* Services */ = {
			isa = PBXGroup;
			children = (
				343C417028097150001812B9 /* WebService.swift */,
				341F09422812EBEA003C6B46 /* SearchService.swift */,
			);
			path = Services;
			sourceTree = "<group>";
		};
		343C417A280D82F9001812B9 /* HourlyWeatherCollectionViewCell */ = {
			isa = PBXGroup;
			children = (
				343C4176280D7F84001812B9 /* HourlyWeatherCollectionViewCell.swift */,
				343C4177280D7F84001812B9 /* HourlyWeatherCollectionViewCell.xib */,
			);
			path = HourlyWeatherCollectionViewCell;
			sourceTree = "<group>";
		};
/* End PBXGroup section */

/* Begin PBXNativeTarget section */
		343C4152280970F9001812B9 /* Weather Test Task */ = {
			isa = PBXNativeTarget;
			buildConfigurationList = 343C4167280970FB001812B9 /* Build configuration list for PBXNativeTarget "Weather Test Task" */;
			buildPhases = (
				343C414F280970F9001812B9 /* Sources */,
				343C4150280970F9001812B9 /* Frameworks */,
				343C4151280970F9001812B9 /* Resources */,
			);
			buildRules = (
			);
			dependencies = (
			);
			name = "Weather Test Task";
			productName = "Weather Test Task";
			productReference = 343C4153280970F9001812B9 /* Weather Test Task.app */;
			productType = "com.apple.product-type.application";
		};
/* End PBXNativeTarget section */

/* Begin PBXProject section */
		343C414B280970F9001812B9 /* Project object */ = {
			isa = PBXProject;
			attributes = {
				BuildIndependentTargetsInParallel = 1;
				LastSwiftUpdateCheck = 1330;
				LastUpgradeCheck = 1330;
				TargetAttributes = {
					343C4152280970F9001812B9 = {
						CreatedOnToolsVersion = 13.3.1;
					};
				};
			};
			buildConfigurationList = 343C414E280970F9001812B9 /* Build configuration list for PBXProject "Weather Test Task" */;
			compatibilityVersion = "Xcode 13.0";
			developmentRegion = en;
			hasScannedForEncodings = 0;
			knownRegions = (
				en,
				Base,
			);
			mainGroup = 343C414A280970F9001812B9;
			productRefGroup = 343C4154280970F9001812B9 /* Products */;
			projectDirPath = "";
			projectRoot = "";
			targets = (
				343C4152280970F9001812B9 /* Weather Test Task */,
			);
		};
/* End PBXProject section */

/* Begin PBXResourcesBuildPhase section */
		343C4151280970F9001812B9 /* Resources */ = {
			isa = PBXResourcesBuildPhase;
			buildActionMask = 2147483647;
			files = (
				341B021C280DAEBA00DCDCF0 /* DailyWeatherTableViewCell.xib in Resources */,
				343C4163280970FB001812B9 /* LaunchScreen.storyboard in Resources */,
				343C4160280970FB001812B9 /* Assets.xcassets in Resources */,
				341F09402812DE5C003C6B46 /* SuggestionTableViewCell.xib in Resources */,
				343C4179280D7F84001812B9 /* HourlyWeatherCollectionViewCell.xib in Resources */,
				343C415E280970F9001812B9 /* Main.storyboard in Resources */,
			);
			runOnlyForDeploymentPostprocessing = 0;
		};
/* End PBXResourcesBuildPhase section */

/* Begin PBXSourcesBuildPhase section */
		343C414F280970F9001812B9 /* Sources */ = {
			isa = PBXSourcesBuildPhase;
			buildActionMask = 2147483647;
			files = (
				341F09432812EBEA003C6B46 /* SearchService.swift in Sources */,
				341B022328103A8200DCDCF0 /* MapViewController.swift in Sources */,
				341B022128103A4100DCDCF0 /* SearchViewController.swift in Sources */,
				341B021B280DAEBA00DCDCF0 /* DailyWeatherTableViewCell.swift in Sources */,
				343C415B280970F9001812B9 /* ForecastViewController.swift in Sources */,
				343C417328097F63001812B9 /* WeatherData.swift in Sources */,
				341B021F280EC40D00DCDCF0 /* CityData.swift in Sources */,
				343C4178280D7F84001812B9 /* HourlyWeatherCollectionViewCell.swift in Sources */,
				343C4157280970F9001812B9 /* AppDelegate.swift in Sources */,
				341F09472812EF68003C6B46 /* SearchData.swift in Sources */,
				343C417128097150001812B9 /* WebService.swift in Sources */,
				343C4175280D6617001812B9 /* WeatherModel.swift in Sources */,
				343C4159280970F9001812B9 /* SceneDelegate.swift in Sources */,
				341F093F2812DE5C003C6B46 /* SuggestionTableViewCell.swift in Sources */,
			);
			runOnlyForDeploymentPostprocessing = 0;
		};
/* End PBXSourcesBuildPhase section */

/* Begin PBXVariantGroup section */
		343C415C280970F9001812B9 /* Main.storyboard */ = {
			isa = PBXVariantGroup;
			children = (
				343C415D280970F9001812B9 /* Base */,
			);
			name = Main.storyboard;
			sourceTree = "<group>";
		};
		343C4161280970FB001812B9 /* LaunchScreen.storyboard */ = {
			isa = PBXVariantGroup;
			children = (
				343C4162280970FB001812B9 /* Base */,
			);
			name = LaunchScreen.storyboard;
			sourceTree = "<group>";
		};
/* End PBXVariantGroup section */

/* Begin XCBuildConfiguration section */
		343C4165280970FB001812B9 /* Debug */ = {
			isa = XCBuildConfiguration;
			buildSettings = {
				ALWAYS_SEARCH_USER_PATHS = NO;
				CLANG_ANALYZER_NONNULL = YES;
				CLANG_ANALYZER_NUMBER_OBJECT_CONVERSION = YES_AGGRESSIVE;
				CLANG_CXX_LANGUAGE_STANDARD = "gnu++17";
				CLANG_ENABLE_MODULES = YES;
				CLANG_ENABLE_OBJC_ARC = YES;
				CLANG_ENABLE_OBJC_WEAK = YES;
				CLANG_WARN_BLOCK_CAPTURE_AUTORELEASING = YES;
				CLANG_WARN_BOOL_CONVERSION = YES;
				CLANG_WARN_COMMA = YES;
				CLANG_WARN_CONSTANT_CONVERSION = YES;
				CLANG_WARN_DEPRECATED_OBJC_IMPLEMENTATIONS = YES;
				CLANG_WARN_DIRECT_OBJC_ISA_USAGE = YES_ERROR;
				CLANG_WARN_DOCUMENTATION_COMMENTS = YES;
				CLANG_WARN_EMPTY_BODY = YES;
				CLANG_WARN_ENUM_CONVERSION = YES;
				CLANG_WARN_INFINITE_RECURSION = YES;
				CLANG_WARN_INT_CONVERSION = YES;
				CLANG_WARN_NON_LITERAL_NULL_CONVERSION = YES;
				CLANG_WARN_OBJC_IMPLICIT_RETAIN_SELF = YES;
				CLANG_WARN_OBJC_LITERAL_CONVERSION = YES;
				CLANG_WARN_OBJC_ROOT_CLASS = YES_ERROR;
				CLANG_WARN_QUOTED_INCLUDE_IN_FRAMEWORK_HEADER = YES;
				CLANG_WARN_RANGE_LOOP_ANALYSIS = YES;
				CLANG_WARN_STRICT_PROTOTYPES = YES;
				CLANG_WARN_SUSPICIOUS_MOVE = YES;
				CLANG_WARN_UNGUARDED_AVAILABILITY = YES_AGGRESSIVE;
				CLANG_WARN_UNREACHABLE_CODE = YES;
				CLANG_WARN__DUPLICATE_METHOD_MATCH = YES;
				COPY_PHASE_STRIP = NO;
				DEBUG_INFORMATION_FORMAT = dwarf;
				ENABLE_STRICT_OBJC_MSGSEND = YES;
				ENABLE_TESTABILITY = YES;
				GCC_C_LANGUAGE_STANDARD = gnu11;
				GCC_DYNAMIC_NO_PIC = NO;
				GCC_NO_COMMON_BLOCKS = YES;
				GCC_OPTIMIZATION_LEVEL = 0;
				GCC_PREPROCESSOR_DEFINITIONS = (
					"DEBUG=1",
					"$(inherited)",
				);
				GCC_WARN_64_TO_32_BIT_CONVERSION = YES;
				GCC_WARN_ABOUT_RETURN_TYPE = YES_ERROR;
				GCC_WARN_UNDECLARED_SELECTOR = YES;
				GCC_WARN_UNINITIALIZED_AUTOS = YES_AGGRESSIVE;
				GCC_WARN_UNUSED_FUNCTION = YES;
				GCC_WARN_UNUSED_VARIABLE = YES;
				IPHONEOS_DEPLOYMENT_TARGET = 15.4;
				MTL_ENABLE_DEBUG_INFO = INCLUDE_SOURCE;
				MTL_FAST_MATH = YES;
				ONLY_ACTIVE_ARCH = YES;
				SDKROOT = iphoneos;
				SWIFT_ACTIVE_COMPILATION_CONDITIONS = DEBUG;
				SWIFT_OPTIMIZATION_LEVEL = "-Onone";
			};
			name = Debug;
		};
		343C4166280970FB001812B9 /* Release */ = {
			isa = XCBuildConfiguration;
			buildSettings = {
				ALWAYS_SEARCH_USER_PATHS = NO;
				CLANG_ANALYZER_NONNULL = YES;
				CLANG_ANALYZER_NUMBER_OBJECT_CONVERSION = YES_AGGRESSIVE;
				CLANG_CXX_LANGUAGE_STANDARD = "gnu++17";
				CLANG_ENABLE_MODULES = YES;
				CLANG_ENABLE_OBJC_ARC = YES;
				CLANG_ENABLE_OBJC_WEAK = YES;
				CLANG_WARN_BLOCK_CAPTURE_AUTORELEASING = YES;
				CLANG_WARN_BOOL_CONVERSION = YES;
				CLANG_WARN_COMMA = YES;
				CLANG_WARN_CONSTANT_CONVERSION = YES;
				CLANG_WARN_DEPRECATED_OBJC_IMPLEMENTATIONS = YES;
				CLANG_WARN_DIRECT_OBJC_ISA_USAGE = YES_ERROR;
				CLANG_WARN_DOCUMENTATION_COMMENTS = YES;
				CLANG_WARN_EMPTY_BODY = YES;
				CLANG_WARN_ENUM_CONVERSION = YES;
				CLANG_WARN_INFINITE_RECURSION = YES;
				CLANG_WARN_INT_CONVERSION = YES;
				CLANG_WARN_NON_LITERAL_NULL_CONVERSION = YES;
				CLANG_WARN_OBJC_IMPLICIT_RETAIN_SELF = YES;
				CLANG_WARN_OBJC_LITERAL_CONVERSION = YES;
				CLANG_WARN_OBJC_ROOT_CLASS = YES_ERROR;
				CLANG_WARN_QUOTED_INCLUDE_IN_FRAMEWORK_HEADER = YES;
				CLANG_WARN_RANGE_LOOP_ANALYSIS = YES;
				CLANG_WARN_STRICT_PROTOTYPES = YES;
				CLANG_WARN_SUSPICIOUS_MOVE = YES;
				CLANG_WARN_UNGUARDED_AVAILABILITY = YES_AGGRESSIVE;
				CLANG_WARN_UNREACHABLE_CODE = YES;
				CLANG_WARN__DUPLICATE_METHOD_MATCH = YES;
				COPY_PHASE_STRIP = NO;
				DEBUG_INFORMATION_FORMAT = "dwarf-with-dsym";
				ENABLE_NS_ASSERTIONS = NO;
				ENABLE_STRICT_OBJC_MSGSEND = YES;
				GCC_C_LANGUAGE_STANDARD = gnu11;
				GCC_NO_COMMON_BLOCKS = YES;
				GCC_WARN_64_TO_32_BIT_CONVERSION = YES;
				GCC_WARN_ABOUT_RETURN_TYPE = YES_ERROR;
				GCC_WARN_UNDECLARED_SELECTOR = YES;
				GCC_WARN_UNINITIALIZED_AUTOS = YES_AGGRESSIVE;
				GCC_WARN_UNUSED_FUNCTION = YES;
				GCC_WARN_UNUSED_VARIABLE = YES;
				IPHONEOS_DEPLOYMENT_TARGET = 15.4;
				MTL_ENABLE_DEBUG_INFO = NO;
				MTL_FAST_MATH = YES;
				SDKROOT = iphoneos;
				SWIFT_COMPILATION_MODE = wholemodule;
				SWIFT_OPTIMIZATION_LEVEL = "-O";
				VALIDATE_PRODUCT = YES;
			};
			name = Release;
		};
		343C4168280970FB001812B9 /* Debug */ = {
			isa = XCBuildConfiguration;
			buildSettings = {
				ASSETCATALOG_COMPILER_APPICON_NAME = AppIcon;
				ASSETCATALOG_COMPILER_GLOBAL_ACCENT_COLOR_NAME = AccentColor;
				CODE_SIGN_STYLE = Automatic;
				CURRENT_PROJECT_VERSION = 1;
				DEVELOPMENT_TEAM = Q4KWB3FWZV;
				GENERATE_INFOPLIST_FILE = YES;
				INFOPLIST_FILE = "Weather Test Task/Info.plist";
				INFOPLIST_KEY_CFBundleDisplayName = "Weather Test Task";
				INFOPLIST_KEY_NSLocationWhenInUseUsageDescription = "Please provide access to your location to track weather around you";
				INFOPLIST_KEY_UIApplicationSupportsIndirectInputEvents = YES;
				INFOPLIST_KEY_UILaunchStoryboardName = LaunchScreen;
				INFOPLIST_KEY_UIMainStoryboardFile = Main;
				INFOPLIST_KEY_UISupportedInterfaceOrientations_iPad = "UIInterfaceOrientationPortrait UIInterfaceOrientationPortraitUpsideDown UIInterfaceOrientationLandscapeLeft UIInterfaceOrientationLandscapeRight";
				INFOPLIST_KEY_UISupportedInterfaceOrientations_iPhone = "UIInterfaceOrientationPortrait UIInterfaceOrientationLandscapeLeft UIInterfaceOrientationLandscapeRight";
				IPHONEOS_DEPLOYMENT_TARGET = 15.4;
				LD_RUNPATH_SEARCH_PATHS = (
					"$(inherited)",
					"@executable_path/Frameworks",
				);
				MARKETING_VERSION = 1.0;
				PRODUCT_BUNDLE_IDENTIFIER = "com.alex173.Weather-Test-Task";
				PRODUCT_NAME = "$(TARGET_NAME)";
				SWIFT_EMIT_LOC_STRINGS = YES;
				SWIFT_VERSION = 5.0;
				TARGETED_DEVICE_FAMILY = "1,2";
			};
			name = Debug;
		};
		343C4169280970FB001812B9 /* Release */ = {
			isa = XCBuildConfiguration;
			buildSettings = {
				ASSETCATALOG_COMPILER_APPICON_NAME = AppIcon;
				ASSETCATALOG_COMPILER_GLOBAL_ACCENT_COLOR_NAME = AccentColor;
				CODE_SIGN_STYLE = Automatic;
				CURRENT_PROJECT_VERSION = 1;
				DEVELOPMENT_TEAM = Q4KWB3FWZV;
				GENERATE_INFOPLIST_FILE = YES;
				INFOPLIST_FILE = "Weather Test Task/Info.plist";
				INFOPLIST_KEY_CFBundleDisplayName = "Weather Test Task";
				INFOPLIST_KEY_NSLocationWhenInUseUsageDescription = "Please provide access to your location to track weather around you";
				INFOPLIST_KEY_UIApplicationSupportsIndirectInputEvents = YES;
				INFOPLIST_KEY_UILaunchStoryboardName = LaunchScreen;
				INFOPLIST_KEY_UIMainStoryboardFile = Main;
				INFOPLIST_KEY_UISupportedInterfaceOrientations_iPad = "UIInterfaceOrientationPortrait UIInterfaceOrientationPortraitUpsideDown UIInterfaceOrientationLandscapeLeft UIInterfaceOrientationLandscapeRight";
				INFOPLIST_KEY_UISupportedInterfaceOrientations_iPhone = "UIInterfaceOrientationPortrait UIInterfaceOrientationLandscapeLeft UIInterfaceOrientationLandscapeRight";
				IPHONEOS_DEPLOYMENT_TARGET = 15.4;
				LD_RUNPATH_SEARCH_PATHS = (
					"$(inherited)",
					"@executable_path/Frameworks",
				);
				MARKETING_VERSION = 1.0;
				PRODUCT_BUNDLE_IDENTIFIER = "com.alex173.Weather-Test-Task";
				PRODUCT_NAME = "$(TARGET_NAME)";
				SWIFT_EMIT_LOC_STRINGS = YES;
				SWIFT_VERSION = 5.0;
				TARGETED_DEVICE_FAMILY = "1,2";
			};
			name = Release;
		};
/* End XCBuildConfiguration section */

/* Begin XCConfigurationList section */
		343C414E280970F9001812B9 /* Build configuration list for PBXProject "Weather Test Task" */ = {
			isa = XCConfigurationList;
			buildConfigurations = (
				343C4165280970FB001812B9 /* Debug */,
				343C4166280970FB001812B9 /* Release */,
			);
			defaultConfigurationIsVisible = 0;
			defaultConfigurationName = Release;
		};
		343C4167280970FB001812B9 /* Build configuration list for PBXNativeTarget "Weather Test Task" */ = {
			isa = XCConfigurationList;
			buildConfigurations = (
				343C4168280970FB001812B9 /* Debug */,
				343C4169280970FB001812B9 /* Release */,
			);
			defaultConfigurationIsVisible = 0;
			defaultConfigurationName = Release;
		};
/* End XCConfigurationList section */
	};
	rootObject = 343C414B280970F9001812B9 /* Project object */;
}
